// !$*UTF8*$!
{
	archiveVersion = 1;
	classes = {
	};
	objectVersion = 56;
	objects = {

/* Begin PBXBuildFile section */
		E080389D2A1FC12700E7C00E /* JPApexPredatorsApp.swift in Sources */ = {isa = PBXBuildFile; fileRef = E080389C2A1FC12700E7C00E /* JPApexPredatorsApp.swift */; };
		E080389F2A1FC12700E7C00E /* ContentView.swift in Sources */ = {isa = PBXBuildFile; fileRef = E080389E2A1FC12700E7C00E /* ContentView.swift */; };
		E08038A12A1FC12800E7C00E /* Assets.xcassets in Resources */ = {isa = PBXBuildFile; fileRef = E08038A02A1FC12800E7C00E /* Assets.xcassets */; };
		E08038A42A1FC12800E7C00E /* Preview Assets.xcassets in Resources */ = {isa = PBXBuildFile; fileRef = E08038A32A1FC12800E7C00E /* Preview Assets.xcassets */; };
		E08038AE2A1FC12800E7C00E /* JPApexPredatorsTests.swift in Sources */ = {isa = PBXBuildFile; fileRef = E08038AD2A1FC12800E7C00E /* JPApexPredatorsTests.swift */; };
		E08038B82A1FC12800E7C00E /* JPApexPredatorsUITests.swift in Sources */ = {isa = PBXBuildFile; fileRef = E08038B72A1FC12800E7C00E /* JPApexPredatorsUITests.swift */; };
		E08038BA2A1FC12800E7C00E /* JPApexPredatorsUITestsLaunchTests.swift in Sources */ = {isa = PBXBuildFile; fileRef = E08038B92A1FC12800E7C00E /* JPApexPredatorsUITestsLaunchTests.swift */; };
		E08038C72A1FC4F100E7C00E /* jpapexpredators.json in Resources */ = {isa = PBXBuildFile; fileRef = E08038C62A1FC4F100E7C00E /* jpapexpredators.json */; };
		E08038CC2A1FCE3C00E7C00E /* ApexPredator.swift in Sources */ = {isa = PBXBuildFile; fileRef = E08038CB2A1FCE3C00E7C00E /* ApexPredator.swift */; };
		E08038CF2A1FD74800E7C00E /* ApexPredatorController.swift in Sources */ = {isa = PBXBuildFile; fileRef = E08038CE2A1FD74800E7C00E /* ApexPredatorController.swift */; };
		E08038D22A1FEBC400E7C00E /* ApexPredatorRow.swift in Sources */ = {isa = PBXBuildFile; fileRef = E08038D12A1FEBC400E7C00E /* ApexPredatorRow.swift */; };
		E08038D42A2518C700E7C00E /* ApexPredatorDetail.swift in Sources */ = {isa = PBXBuildFile; fileRef = E08038D32A2518C700E7C00E /* ApexPredatorDetail.swift */; };
/* End PBXBuildFile section */

/* Begin PBXContainerItemProxy section */
		E08038AA2A1FC12800E7C00E /* PBXContainerItemProxy */ = {
			isa = PBXContainerItemProxy;
			containerPortal = E08038912A1FC12700E7C00E /* Project object */;
			proxyType = 1;
			remoteGlobalIDString = E08038982A1FC12700E7C00E;
			remoteInfo = JPApexPredators;
		};
		E08038B42A1FC12800E7C00E /* PBXContainerItemProxy */ = {
			isa = PBXContainerItemProxy;
			containerPortal = E08038912A1FC12700E7C00E /* Project object */;
			proxyType = 1;
			remoteGlobalIDString = E08038982A1FC12700E7C00E;
			remoteInfo = JPApexPredators;
		};
/* End PBXContainerItemProxy section */

/* Begin PBXFileReference section */
		E08038992A1FC12700E7C00E /* JPApexPredators.app */ = {isa = PBXFileReference; explicitFileType = wrapper.application; includeInIndex = 0; path = JPApexPredators.app; sourceTree = BUILT_PRODUCTS_DIR; };
		E080389C2A1FC12700E7C00E /* JPApexPredatorsApp.swift */ = {isa = PBXFileReference; lastKnownFileType = sourcecode.swift; path = JPApexPredatorsApp.swift; sourceTree = "<group>"; };
		E080389E2A1FC12700E7C00E /* ContentView.swift */ = {isa = PBXFileReference; lastKnownFileType = sourcecode.swift; path = ContentView.swift; sourceTree = "<group>"; };
		E08038A02A1FC12800E7C00E /* Assets.xcassets */ = {isa = PBXFileReference; lastKnownFileType = folder.assetcatalog; path = Assets.xcassets; sourceTree = "<group>"; };
		E08038A32A1FC12800E7C00E /* Preview Assets.xcassets */ = {isa = PBXFileReference; lastKnownFileType = folder.assetcatalog; path = "Preview Assets.xcassets"; sourceTree = "<group>"; };
		E08038A92A1FC12800E7C00E /* JPApexPredatorsTests.xctest */ = {isa = PBXFileReference; explicitFileType = wrapper.cfbundle; includeInIndex = 0; path = JPApexPredatorsTests.xctest; sourceTree = BUILT_PRODUCTS_DIR; };
		E08038AD2A1FC12800E7C00E /* JPApexPredatorsTests.swift */ = {isa = PBXFileReference; lastKnownFileType = sourcecode.swift; path = JPApexPredatorsTests.swift; sourceTree = "<group>"; };
		E08038B32A1FC12800E7C00E /* JPApexPredatorsUITests.xctest */ = {isa = PBXFileReference; explicitFileType = wrapper.cfbundle; includeInIndex = 0; path = JPApexPredatorsUITests.xctest; sourceTree = BUILT_PRODUCTS_DIR; };
		E08038B72A1FC12800E7C00E /* JPApexPredatorsUITests.swift */ = {isa = PBXFileReference; lastKnownFileType = sourcecode.swift; path = JPApexPredatorsUITests.swift; sourceTree = "<group>"; };
		E08038B92A1FC12800E7C00E /* JPApexPredatorsUITestsLaunchTests.swift */ = {isa = PBXFileReference; lastKnownFileType = sourcecode.swift; path = JPApexPredatorsUITestsLaunchTests.swift; sourceTree = "<group>"; };
		E08038C62A1FC4F100E7C00E /* jpapexpredators.json */ = {isa = PBXFileReference; fileEncoding = 4; lastKnownFileType = text.json; path = jpapexpredators.json; sourceTree = "<group>"; };
		E08038CB2A1FCE3C00E7C00E /* ApexPredator.swift */ = {isa = PBXFileReference; lastKnownFileType = sourcecode.swift; path = ApexPredator.swift; sourceTree = "<group>"; };
		E08038CE2A1FD74800E7C00E /* ApexPredatorController.swift */ = {isa = PBXFileReference; lastKnownFileType = sourcecode.swift; path = ApexPredatorController.swift; sourceTree = "<group>"; };
		E08038D12A1FEBC400E7C00E /* ApexPredatorRow.swift */ = {isa = PBXFileReference; lastKnownFileType = sourcecode.swift; path = ApexPredatorRow.swift; sourceTree = "<group>"; };
		E08038D32A2518C700E7C00E /* ApexPredatorDetail.swift */ = {isa = PBXFileReference; lastKnownFileType = sourcecode.swift; path = ApexPredatorDetail.swift; sourceTree = "<group>"; };
/* End PBXFileReference section */

/* Begin PBXFrameworksBuildPhase section */
		E08038962A1FC12700E7C00E /* Frameworks */ = {
			isa = PBXFrameworksBuildPhase;
			buildActionMask = 2147483647;
			files = (
			);
			runOnlyForDeploymentPostprocessing = 0;
		};
		E08038A62A1FC12800E7C00E /* Frameworks */ = {
			isa = PBXFrameworksBuildPhase;
			buildActionMask = 2147483647;
			files = (
			);
			runOnlyForDeploymentPostprocessing = 0;
		};
		E08038B02A1FC12800E7C00E /* Frameworks */ = {
			isa = PBXFrameworksBuildPhase;
			buildActionMask = 2147483647;
			files = (
			);
			runOnlyForDeploymentPostprocessing = 0;
		};
/* End PBXFrameworksBuildPhase section */

/* Begin PBXGroup section */
		E08038902A1FC12700E7C00E = {
			isa = PBXGroup;
			children = (
				E080389B2A1FC12700E7C00E /* JPApexPredators */,
				E08038AC2A1FC12800E7C00E /* JPApexPredatorsTests */,
				E08038B62A1FC12800E7C00E /* JPApexPredatorsUITests */,
				E080389A2A1FC12700E7C00E /* Products */,
			);
			sourceTree = "<group>";
		};
		E080389A2A1FC12700E7C00E /* Products */ = {
			isa = PBXGroup;
			children = (
				E08038992A1FC12700E7C00E /* JPApexPredators.app */,
				E08038A92A1FC12800E7C00E /* JPApexPredatorsTests.xctest */,
				E08038B32A1FC12800E7C00E /* JPApexPredatorsUITests.xctest */,
			);
			name = Products;
			sourceTree = "<group>";
		};
		E080389B2A1FC12700E7C00E /* JPApexPredators */ = {
			isa = PBXGroup;
			children = (
				E08038D02A1FE4E600E7C00E /* Views */,
				E08038CD2A1FD73300E7C00E /* ViewModels */,
				E08038C92A1FC9B900E7C00E /* Models */,
				E08038CA2A1FC9C200E7C00E /* Data */,
				E08038C82A1FC99E00E7C00E /* MiscSetup */,
				E08038A22A1FC12800E7C00E /* Preview Content */,
			);
			path = JPApexPredators;
			sourceTree = "<group>";
		};
		E08038A22A1FC12800E7C00E /* Preview Content */ = {
			isa = PBXGroup;
			children = (
				E08038A32A1FC12800E7C00E /* Preview Assets.xcassets */,
			);
			path = "Preview Content";
			sourceTree = "<group>";
		};
		E08038AC2A1FC12800E7C00E /* JPApexPredatorsTests */ = {
			isa = PBXGroup;
			children = (
				E08038AD2A1FC12800E7C00E /* JPApexPredatorsTests.swift */,
			);
			path = JPApexPredatorsTests;
			sourceTree = "<group>";
		};
		E08038B62A1FC12800E7C00E /* JPApexPredatorsUITests */ = {
			isa = PBXGroup;
			children = (
				E08038B72A1FC12800E7C00E /* JPApexPredatorsUITests.swift */,
				E08038B92A1FC12800E7C00E /* JPApexPredatorsUITestsLaunchTests.swift */,
			);
			path = JPApexPredatorsUITests;
			sourceTree = "<group>";
		};
		E08038C82A1FC99E00E7C00E /* MiscSetup */ = {
			isa = PBXGroup;
			children = (
				E080389C2A1FC12700E7C00E /* JPApexPredatorsApp.swift */,
				E08038A02A1FC12800E7C00E /* Assets.xcassets */,
			);
			name = MiscSetup;
			sourceTree = "<group>";
		};
		E08038C92A1FC9B900E7C00E /* Models */ = {
			isa = PBXGroup;
			children = (
				E08038CB2A1FCE3C00E7C00E /* ApexPredator.swift */,
			);
			path = Models;
			sourceTree = "<group>";
		};
		E08038CA2A1FC9C200E7C00E /* Data */ = {
			isa = PBXGroup;
			children = (
				E08038C62A1FC4F100E7C00E /* jpapexpredators.json */,
			);
			path = Data;
			sourceTree = "<group>";
		};
		E08038CD2A1FD73300E7C00E /* ViewModels */ = {
			isa = PBXGroup;
			children = (
				E08038CE2A1FD74800E7C00E /* ApexPredatorController.swift */,
			);
			path = ViewModels;
			sourceTree = "<group>";
		};
		E08038D02A1FE4E600E7C00E /* Views */ = {
			isa = PBXGroup;
			children = (
				E080389E2A1FC12700E7C00E /* ContentView.swift */,
				E08038D12A1FEBC400E7C00E /* ApexPredatorRow.swift */,
				E08038D32A2518C700E7C00E /* ApexPredatorDetail.swift */,
			);
			path = Views;
			sourceTree = "<group>";
		};
/* End PBXGroup section */

/* Begin PBXNativeTarget section */
		E08038982A1FC12700E7C00E /* JPApexPredators */ = {
			isa = PBXNativeTarget;
			buildConfigurationList = E08038BD2A1FC12800E7C00E /* Build configuration list for PBXNativeTarget "JPApexPredators" */;
			buildPhases = (
				E08038952A1FC12700E7C00E /* Sources */,
				E08038962A1FC12700E7C00E /* Frameworks */,
				E08038972A1FC12700E7C00E /* Resources */,
			);
			buildRules = (
			);
			dependencies = (
			);
			name = JPApexPredators;
			productName = JPApexPredators;
			productReference = E08038992A1FC12700E7C00E /* JPApexPredators.app */;
			productType = "com.apple.product-type.application";
		};
		E08038A82A1FC12800E7C00E /* JPApexPredatorsTests */ = {
			isa = PBXNativeTarget;
			buildConfigurationList = E08038C02A1FC12800E7C00E /* Build configuration list for PBXNativeTarget "JPApexPredatorsTests" */;
			buildPhases = (
				E08038A52A1FC12800E7C00E /* Sources */,
				E08038A62A1FC12800E7C00E /* Frameworks */,
				E08038A72A1FC12800E7C00E /* Resources */,
			);
			buildRules = (
			);
			dependencies = (
				E08038AB2A1FC12800E7C00E /* PBXTargetDependency */,
			);
			name = JPApexPredatorsTests;
			productName = JPApexPredatorsTests;
			productReference = E08038A92A1FC12800E7C00E /* JPApexPredatorsTests.xctest */;
			productType = "com.apple.product-type.bundle.unit-test";
		};
		E08038B22A1FC12800E7C00E /* JPApexPredatorsUITests */ = {
			isa = PBXNativeTarget;
			buildConfigurationList = E08038C32A1FC12800E7C00E /* Build configuration list for PBXNativeTarget "JPApexPredatorsUITests" */;
			buildPhases = (
				E08038AF2A1FC12800E7C00E /* Sources */,
				E08038B02A1FC12800E7C00E /* Frameworks */,
				E08038B12A1FC12800E7C00E /* Resources */,
			);
			buildRules = (
			);
			dependencies = (
				E08038B52A1FC12800E7C00E /* PBXTargetDependency */,
			);
			name = JPApexPredatorsUITests;
			productName = JPApexPredatorsUITests;
			productReference = E08038B32A1FC12800E7C00E /* JPApexPredatorsUITests.xctest */;
			productType = "com.apple.product-type.bundle.ui-testing";
		};
/* End PBXNativeTarget section */

/* Begin PBXProject section */
		E08038912A1FC12700E7C00E /* Project object */ = {
			isa = PBXProject;
			attributes = {
				BuildIndependentTargetsInParallel = 1;
				LastSwiftUpdateCheck = 1430;
				LastUpgradeCheck = 1430;
				TargetAttributes = {
					E08038982A1FC12700E7C00E = {
						CreatedOnToolsVersion = 14.3;
					};
					E08038A82A1FC12800E7C00E = {
						CreatedOnToolsVersion = 14.3;
						TestTargetID = E08038982A1FC12700E7C00E;
					};
					E08038B22A1FC12800E7C00E = {
						CreatedOnToolsVersion = 14.3;
						TestTargetID = E08038982A1FC12700E7C00E;
					};
				};
			};
			buildConfigurationList = E08038942A1FC12700E7C00E /* Build configuration list for PBXProject "JPApexPredators" */;
			compatibilityVersion = "Xcode 14.0";
			developmentRegion = en;
			hasScannedForEncodings = 0;
			knownRegions = (
				en,
				Base,
			);
			mainGroup = E08038902A1FC12700E7C00E;
			productRefGroup = E080389A2A1FC12700E7C00E /* Products */;
			projectDirPath = "";
			projectRoot = "";
			targets = (
				E08038982A1FC12700E7C00E /* JPApexPredators */,
				E08038A82A1FC12800E7C00E /* JPApexPredatorsTests */,
				E08038B22A1FC12800E7C00E /* JPApexPredatorsUITests */,
			);
		};
/* End PBXProject section */

/* Begin PBXResourcesBuildPhase section */
		E08038972A1FC12700E7C00E /* Resources */ = {
			isa = PBXResourcesBuildPhase;
			buildActionMask = 2147483647;
			files = (
				E08038A42A1FC12800E7C00E /* Preview Assets.xcassets in Resources */,
				E08038A12A1FC12800E7C00E /* Assets.xcassets in Resources */,
				E08038C72A1FC4F100E7C00E /* jpapexpredators.json in Resources */,
			);
			runOnlyForDeploymentPostprocessing = 0;
		};
		E08038A72A1FC12800E7C00E /* Resources */ = {
			isa = PBXResourcesBuildPhase;
			buildActionMask = 2147483647;
			files = (
			);
			runOnlyForDeploymentPostprocessing = 0;
		};
		E08038B12A1FC12800E7C00E /* Resources */ = {
			isa = PBXResourcesBuildPhase;
			buildActionMask = 2147483647;
			files = (
			);
			runOnlyForDeploymentPostprocessing = 0;
		};
/* End PBXResourcesBuildPhase section */

/* Begin PBXSourcesBuildPhase section */
		E08038952A1FC12700E7C00E /* Sources */ = {
			isa = PBXSourcesBuildPhase;
			buildActionMask = 2147483647;
			files = (
				E08038CC2A1FCE3C00E7C00E /* ApexPredator.swift in Sources */,
				E08038D42A2518C700E7C00E /* ApexPredatorDetail.swift in Sources */,
				E080389F2A1FC12700E7C00E /* ContentView.swift in Sources */,
				E08038CF2A1FD74800E7C00E /* ApexPredatorController.swift in Sources */,
				E08038D22A1FEBC400E7C00E /* ApexPredatorRow.swift in Sources */,
				E080389D2A1FC12700E7C00E /* JPApexPredatorsApp.swift in Sources */,
			);
			runOnlyForDeploymentPostprocessing = 0;
		};
		E08038A52A1FC12800E7C00E /* Sources */ = {
			isa = PBXSourcesBuildPhase;
			buildActionMask = 2147483647;
			files = (
				E08038AE2A1FC12800E7C00E /* JPApexPredatorsTests.swift in Sources */,
			);
			runOnlyForDeploymentPostprocessing = 0;
		};
		E08038AF2A1FC12800E7C00E /* Sources */ = {
			isa = PBXSourcesBuildPhase;
			buildActionMask = 2147483647;
			files = (
				E08038B82A1FC12800E7C00E /* JPApexPredatorsUITests.swift in Sources */,
				E08038BA2A1FC12800E7C00E /* JPApexPredatorsUITestsLaunchTests.swift in Sources */,
			);
			runOnlyForDeploymentPostprocessing = 0;
		};
/* End PBXSourcesBuildPhase section */

/* Begin PBXTargetDependency section */
		E08038AB2A1FC12800E7C00E /* PBXTargetDependency */ = {
			isa = PBXTargetDependency;
			target = E08038982A1FC12700E7C00E /* JPApexPredators */;
			targetProxy = E08038AA2A1FC12800E7C00E /* PBXContainerItemProxy */;
		};
		E08038B52A1FC12800E7C00E /* PBXTargetDependency */ = {
			isa = PBXTargetDependency;
			target = E08038982A1FC12700E7C00E /* JPApexPredators */;
			targetProxy = E08038B42A1FC12800E7C00E /* PBXContainerItemProxy */;
		};
/* End PBXTargetDependency section */

/* Begin XCBuildConfiguration section */
		E08038BB2A1FC12800E7C00E /* Debug */ = {
			isa = XCBuildConfiguration;
			buildSettings = {
				ALWAYS_SEARCH_USER_PATHS = NO;
				CLANG_ANALYZER_NONNULL = YES;
				CLANG_ANALYZER_NUMBER_OBJECT_CONVERSION = YES_AGGRESSIVE;
				CLANG_CXX_LANGUAGE_STANDARD = "gnu++20";
				CLANG_ENABLE_MODULES = YES;
				CLANG_ENABLE_OBJC_ARC = YES;
				CLANG_ENABLE_OBJC_WEAK = YES;
				CLANG_WARN_BLOCK_CAPTURE_AUTORELEASING = YES;
				CLANG_WARN_BOOL_CONVERSION = YES;
				CLANG_WARN_COMMA = YES;
				CLANG_WARN_CONSTANT_CONVERSION = YES;
				CLANG_WARN_DEPRECATED_OBJC_IMPLEMENTATIONS = YES;
				CLANG_WARN_DIRECT_OBJC_ISA_USAGE = YES_ERROR;
				CLANG_WARN_DOCUMENTATION_COMMENTS = YES;
				CLANG_WARN_EMPTY_BODY = YES;
				CLANG_WARN_ENUM_CONVERSION = YES;
				CLANG_WARN_INFINITE_RECURSION = YES;
				CLANG_WARN_INT_CONVERSION = YES;
				CLANG_WARN_NON_LITERAL_NULL_CONVERSION = YES;
				CLANG_WARN_OBJC_IMPLICIT_RETAIN_SELF = YES;
				CLANG_WARN_OBJC_LITERAL_CONVERSION = YES;
				CLANG_WARN_OBJC_ROOT_CLASS = YES_ERROR;
				CLANG_WARN_QUOTED_INCLUDE_IN_FRAMEWORK_HEADER = YES;
				CLANG_WARN_RANGE_LOOP_ANALYSIS = YES;
				CLANG_WARN_STRICT_PROTOTYPES = YES;
				CLANG_WARN_SUSPICIOUS_MOVE = YES;
				CLANG_WARN_UNGUARDED_AVAILABILITY = YES_AGGRESSIVE;
				CLANG_WARN_UNREACHABLE_CODE = YES;
				CLANG_WARN__DUPLICATE_METHOD_MATCH = YES;
				COPY_PHASE_STRIP = NO;
				DEBUG_INFORMATION_FORMAT = dwarf;
				ENABLE_STRICT_OBJC_MSGSEND = YES;
				ENABLE_TESTABILITY = YES;
				GCC_C_LANGUAGE_STANDARD = gnu11;
				GCC_DYNAMIC_NO_PIC = NO;
				GCC_NO_COMMON_BLOCKS = YES;
				GCC_OPTIMIZATION_LEVEL = 0;
				GCC_PREPROCESSOR_DEFINITIONS = (
					"DEBUG=1",
					"$(inherited)",
				);
				GCC_WARN_64_TO_32_BIT_CONVERSION = YES;
				GCC_WARN_ABOUT_RETURN_TYPE = YES_ERROR;
				GCC_WARN_UNDECLARED_SELECTOR = YES;
				GCC_WARN_UNINITIALIZED_AUTOS = YES_AGGRESSIVE;
				GCC_WARN_UNUSED_FUNCTION = YES;
				GCC_WARN_UNUSED_VARIABLE = YES;
				IPHONEOS_DEPLOYMENT_TARGET = 16.4;
				MTL_ENABLE_DEBUG_INFO = INCLUDE_SOURCE;
				MTL_FAST_MATH = YES;
				ONLY_ACTIVE_ARCH = YES;
				SDKROOT = iphoneos;
				SWIFT_ACTIVE_COMPILATION_CONDITIONS = DEBUG;
				SWIFT_OPTIMIZATION_LEVEL = "-Onone";
			};
			name = Debug;
		};
		E08038BC2A1FC12800E7C00E /* Release */ = {
			isa = XCBuildConfiguration;
			buildSettings = {
				ALWAYS_SEARCH_USER_PATHS = NO;
				CLANG_ANALYZER_NONNULL = YES;
				CLANG_ANALYZER_NUMBER_OBJECT_CONVERSION = YES_AGGRESSIVE;
				CLANG_CXX_LANGUAGE_STANDARD = "gnu++20";
				CLANG_ENABLE_MODULES = YES;
				CLANG_ENABLE_OBJC_ARC = YES;
				CLANG_ENABLE_OBJC_WEAK = YES;
				CLANG_WARN_BLOCK_CAPTURE_AUTORELEASING = YES;
				CLANG_WARN_BOOL_CONVERSION = YES;
				CLANG_WARN_COMMA = YES;
				CLANG_WARN_CONSTANT_CONVERSION = YES;
				CLANG_WARN_DEPRECATED_OBJC_IMPLEMENTATIONS = YES;
				CLANG_WARN_DIRECT_OBJC_ISA_USAGE = YES_ERROR;
				CLANG_WARN_DOCUMENTATION_COMMENTS = YES;
				CLANG_WARN_EMPTY_BODY = YES;
				CLANG_WARN_ENUM_CONVERSION = YES;
				CLANG_WARN_INFINITE_RECURSION = YES;
				CLANG_WARN_INT_CONVERSION = YES;
				CLANG_WARN_NON_LITERAL_NULL_CONVERSION = YES;
				CLANG_WARN_OBJC_IMPLICIT_RETAIN_SELF = YES;
				CLANG_WARN_OBJC_LITERAL_CONVERSION = YES;
				CLANG_WARN_OBJC_ROOT_CLASS = YES_ERROR;
				CLANG_WARN_QUOTED_INCLUDE_IN_FRAMEWORK_HEADER = YES;
				CLANG_WARN_RANGE_LOOP_ANALYSIS = YES;
				CLANG_WARN_STRICT_PROTOTYPES = YES;
				CLANG_WARN_SUSPICIOUS_MOVE = YES;
				CLANG_WARN_UNGUARDED_AVAILABILITY = YES_AGGRESSIVE;
				CLANG_WARN_UNREACHABLE_CODE = YES;
				CLANG_WARN__DUPLICATE_METHOD_MATCH = YES;
				COPY_PHASE_STRIP = NO;
				DEBUG_INFORMATION_FORMAT = "dwarf-with-dsym";
				ENABLE_NS_ASSERTIONS = NO;
				ENABLE_STRICT_OBJC_MSGSEND = YES;
				GCC_C_LANGUAGE_STANDARD = gnu11;
				GCC_NO_COMMON_BLOCKS = YES;
				GCC_WARN_64_TO_32_BIT_CONVERSION = YES;
				GCC_WARN_ABOUT_RETURN_TYPE = YES_ERROR;
				GCC_WARN_UNDECLARED_SELECTOR = YES;
				GCC_WARN_UNINITIALIZED_AUTOS = YES_AGGRESSIVE;
				GCC_WARN_UNUSED_FUNCTION = YES;
				GCC_WARN_UNUSED_VARIABLE = YES;
				IPHONEOS_DEPLOYMENT_TARGET = 16.4;
				MTL_ENABLE_DEBUG_INFO = NO;
				MTL_FAST_MATH = YES;
				SDKROOT = iphoneos;
				SWIFT_COMPILATION_MODE = wholemodule;
				SWIFT_OPTIMIZATION_LEVEL = "-O";
				VALIDATE_PRODUCT = YES;
			};
			name = Release;
		};
		E08038BE2A1FC12800E7C00E /* Debug */ = {
			isa = XCBuildConfiguration;
			buildSettings = {
				ASSETCATALOG_COMPILER_APPICON_NAME = AppIcon;
				ASSETCATALOG_COMPILER_GLOBAL_ACCENT_COLOR_NAME = AccentColor;
				CODE_SIGN_STYLE = Automatic;
				CURRENT_PROJECT_VERSION = 1;
				DEVELOPMENT_ASSET_PATHS = "\"JPApexPredators/Preview Content\"";
				DEVELOPMENT_TEAM = 4Y6FH4D2V4;
				ENABLE_PREVIEWS = YES;
				GENERATE_INFOPLIST_FILE = YES;
				INFOPLIST_KEY_UIApplicationSceneManifest_Generation = YES;
				INFOPLIST_KEY_UIApplicationSupportsIndirectInputEvents = YES;
				INFOPLIST_KEY_UILaunchScreen_Generation = YES;
				INFOPLIST_KEY_UISupportedInterfaceOrientations_iPad = "UIInterfaceOrientationPortrait UIInterfaceOrientationPortraitUpsideDown UIInterfaceOrientationLandscapeLeft UIInterfaceOrientationLandscapeRight";
				INFOPLIST_KEY_UISupportedInterfaceOrientations_iPhone = "UIInterfaceOrientationPortrait UIInterfaceOrientationLandscapeLeft UIInterfaceOrientationLandscapeRight";
				LD_RUNPATH_SEARCH_PATHS = (
					"$(inherited)",
					"@executable_path/Frameworks",
				);
				MARKETING_VERSION = 1.0;
				PRODUCT_BUNDLE_IDENTIFIER = sweeney.JPApexPredators;
				PRODUCT_NAME = "$(TARGET_NAME)";
				SWIFT_EMIT_LOC_STRINGS = YES;
				SWIFT_VERSION = 5.0;
				TARGETED_DEVICE_FAMILY = "1,2";
			};
			name = Debug;
		};
		E08038BF2A1FC12800E7C00E /* Release */ = {
			isa = XCBuildConfiguration;
			buildSettings = {
				ASSETCATALOG_COMPILER_APPICON_NAME = AppIcon;
				ASSETCATALOG_COMPILER_GLOBAL_ACCENT_COLOR_NAME = AccentColor;
				CODE_SIGN_STYLE = Automatic;
				CURRENT_PROJECT_VERSION = 1;
				DEVELOPMENT_ASSET_PATHS = "\"JPApexPredators/Preview Content\"";
				DEVELOPMENT_TEAM = 4Y6FH4D2V4;
				ENABLE_PREVIEWS = YES;
				GENERATE_INFOPLIST_FILE = YES;
				INFOPLIST_KEY_UIApplicationSceneManifest_Generation = YES;
				INFOPLIST_KEY_UIApplicationSupportsIndirectInputEvents = YES;
				INFOPLIST_KEY_UILaunchScreen_Generation = YES;
				INFOPLIST_KEY_UISupportedInterfaceOrientations_iPad = "UIInterfaceOrientationPortrait UIInterfaceOrientationPortraitUpsideDown UIInterfaceOrientationLandscapeLeft UIInterfaceOrientationLandscapeRight";
				INFOPLIST_KEY_UISupportedInterfaceOrientations_iPhone = "UIInterfaceOrientationPortrait UIInterfaceOrientationLandscapeLeft UIInterfaceOrientationLandscapeRight";
				LD_RUNPATH_SEARCH_PATHS = (
					"$(inherited)",
					"@executable_path/Frameworks",
				);
				MARKETING_VERSION = 1.0;
				PRODUCT_BUNDLE_IDENTIFIER = sweeney.JPApexPredators;
				PRODUCT_NAME = "$(TARGET_NAME)";
				SWIFT_EMIT_LOC_STRINGS = YES;
				SWIFT_VERSION = 5.0;
				TARGETED_DEVICE_FAMILY = "1,2";
			};
			name = Release;
		};
		E08038C12A1FC12800E7C00E /* Debug */ = {
			isa = XCBuildConfiguration;
			buildSettings = {
				ALWAYS_EMBED_SWIFT_STANDARD_LIBRARIES = YES;
				BUNDLE_LOADER = "$(TEST_HOST)";
				CODE_SIGN_STYLE = Automatic;
				CURRENT_PROJECT_VERSION = 1;
				DEVELOPMENT_TEAM = 4Y6FH4D2V4;
				GENERATE_INFOPLIST_FILE = YES;
				IPHONEOS_DEPLOYMENT_TARGET = 16.4;
				MARKETING_VERSION = 1.0;
				PRODUCT_BUNDLE_IDENTIFIER = sweeney.JPApexPredatorsTests;
				PRODUCT_NAME = "$(TARGET_NAME)";
				SWIFT_EMIT_LOC_STRINGS = NO;
				SWIFT_VERSION = 5.0;
				TARGETED_DEVICE_FAMILY = "1,2";
				TEST_HOST = "$(BUILT_PRODUCTS_DIR)/JPApexPredators.app/$(BUNDLE_EXECUTABLE_FOLDER_PATH)/JPApexPredators";
			};
			name = Debug;
		};
		E08038C22A1FC12800E7C00E /* Release */ = {
			isa = XCBuildConfiguration;
			buildSettings = {
				ALWAYS_EMBED_SWIFT_STANDARD_LIBRARIES = YES;
				BUNDLE_LOADER = "$(TEST_HOST)";
				CODE_SIGN_STYLE = Automatic;
				CURRENT_PROJECT_VERSION = 1;
				DEVELOPMENT_TEAM = 4Y6FH4D2V4;
				GENERATE_INFOPLIST_FILE = YES;
				IPHONEOS_DEPLOYMENT_TARGET = 16.4;
				MARKETING_VERSION = 1.0;
				PRODUCT_BUNDLE_IDENTIFIER = sweeney.JPApexPredatorsTests;
				PRODUCT_NAME = "$(TARGET_NAME)";
				SWIFT_EMIT_LOC_STRINGS = NO;
				SWIFT_VERSION = 5.0;
				TARGETED_DEVICE_FAMILY = "1,2";
				TEST_HOST = "$(BUILT_PRODUCTS_DIR)/JPApexPredators.app/$(BUNDLE_EXECUTABLE_FOLDER_PATH)/JPApexPredators";
			};
			name = Release;
		};
		E08038C42A1FC12800E7C00E /* Debug */ = {
			isa = XCBuildConfiguration;
			buildSettings = {
				ALWAYS_EMBED_SWIFT_STANDARD_LIBRARIES = YES;
				CODE_SIGN_STYLE = Automatic;
				CURRENT_PROJECT_VERSION = 1;
				DEVELOPMENT_TEAM = 4Y6FH4D2V4;
				GENERATE_INFOPLIST_FILE = YES;
				MARKETING_VERSION = 1.0;
				PRODUCT_BUNDLE_IDENTIFIER = sweeney.JPApexPredatorsUITests;
				PRODUCT_NAME = "$(TARGET_NAME)";
				SWIFT_EMIT_LOC_STRINGS = NO;
				SWIFT_VERSION = 5.0;
				TARGETED_DEVICE_FAMILY = "1,2";
				TEST_TARGET_NAME = JPApexPredators;
			};
			name = Debug;
		};
		E08038C52A1FC12800E7C00E /* Release */ = {
			isa = XCBuildConfiguration;
			buildSettings = {
				ALWAYS_EMBED_SWIFT_STANDARD_LIBRARIES = YES;
				CODE_SIGN_STYLE = Automatic;
				CURRENT_PROJECT_VERSION = 1;
				DEVELOPMENT_TEAM = 4Y6FH4D2V4;
				GENERATE_INFOPLIST_FILE = YES;
				MARKETING_VERSION = 1.0;
				PRODUCT_BUNDLE_IDENTIFIER = sweeney.JPApexPredatorsUITests;
				PRODUCT_NAME = "$(TARGET_NAME)";
				SWIFT_EMIT_LOC_STRINGS = NO;
				SWIFT_VERSION = 5.0;
				TARGETED_DEVICE_FAMILY = "1,2";
				TEST_TARGET_NAME = JPApexPredators;
			};
			name = Release;
		};
/* End XCBuildConfiguration section */

/* Begin XCConfigurationList section */
		E08038942A1FC12700E7C00E /* Build configuration list for PBXProject "JPApexPredators" */ = {
			isa = XCConfigurationList;
			buildConfigurations = (
				E08038BB2A1FC12800E7C00E /* Debug */,
				E08038BC2A1FC12800E7C00E /* Release */,
			);
			defaultConfigurationIsVisible = 0;
			defaultConfigurationName = Release;
		};
		E08038BD2A1FC12800E7C00E /* Build configuration list for PBXNativeTarget "JPApexPredators" */ = {
			isa = XCConfigurationList;
			buildConfigurations = (
				E08038BE2A1FC12800E7C00E /* Debug */,
				E08038BF2A1FC12800E7C00E /* Release */,
			);
			defaultConfigurationIsVisible = 0;
			defaultConfigurationName = Release;
		};
		E08038C02A1FC12800E7C00E /* Build configuration list for PBXNativeTarget "JPApexPredatorsTests" */ = {
			isa = XCConfigurationList;
			buildConfigurations = (
				E08038C12A1FC12800E7C00E /* Debug */,
				E08038C22A1FC12800E7C00E /* Release */,
			);
			defaultConfigurationIsVisible = 0;
			defaultConfigurationName = Release;
		};
		E08038C32A1FC12800E7C00E /* Build configuration list for PBXNativeTarget "JPApexPredatorsUITests" */ = {
			isa = XCConfigurationList;
			buildConfigurations = (
				E08038C42A1FC12800E7C00E /* Debug */,
				E08038C52A1FC12800E7C00E /* Release */,
			);
			defaultConfigurationIsVisible = 0;
			defaultConfigurationName = Release;
		};
/* End XCConfigurationList section */
	};
	rootObject = E08038912A1FC12700E7C00E /* Project object */;
}
